
Microsoft Visual Studio Solution File, Format Version 12.00
# Visual Studio Version 16
VisualStudioVersion = 16.0.30621.155
MinimumVisualStudioVersion = 10.0.40219.1
Project("{FAE04EC0-301F-11D3-BF4B-00C04F79EFBC}") = "Chris.TechniqueTool.EntityGenerate", "Chris.TechniqueTool.EntityGenerate\Chris.TechniqueTool.EntityGenerate.csproj", "{C8252CA5-F787-4985-88C7-167FDEBFEBEE}"
EndProject
Global
	GlobalSection(SolutionConfigurationPlatforms) = preSolution
		Debug|Any CPU = Debug|Any CPU
		Release|Any CPU = Release|Any CPU
	EndGlobalSection
	GlobalSection(ProjectConfigurationPlatforms) = postSolution
		{C8252CA5-F787-4985-88C7-167FDEBFEBEE}.Debug|Any CPU.ActiveCfg = Debug|Any CPU
		{C8252CA5-F787-4985-88C7-167FDEBFEBEE}.Debug|Any CPU.Build.0 = Debug|Any CPU
		{C8252CA5-F787-4985-88C7-167FDEBFEBEE}.Release|Any CPU.ActiveCfg = Release|Any CPU
		{C8252CA5-F787-4985-88C7-167FDEBFEBEE}.Release|Any CPU.Build.0 = Release|Any CPU
	EndGlobalSection
	GlobalSection(SolutionProperties) = preSolution
		HideSolutionNode = FALSE
	EndGlobalSection
	GlobalSection(ExtensibilityGlobals) = postSolution
		SolutionGuid = {8187A5C0-7B1B-4D32-933D-D5DB12C72D06}
	EndGlobalSection
EndGlobal
